
Microsoft Visual Studio Solution File, Format Version 12.00
Project("{FAE04EC0-301F-11D3-BF4B-00C04F79EFBC}") = "WebApplication3", "WebApplication3\WebApplication3.csproj", "{B9AA1CCA-5178-4463-A0BA-BF519D36F2EE}"
EndProject
Global
	GlobalSection(SolutionConfigurationPlatforms) = preSolution
		Debug|Any CPU = Debug|Any CPU
		Release|Any CPU = Release|Any CPU
	EndGlobalSection
	GlobalSection(ProjectConfigurationPlatforms) = postSolution
		{B9AA1CCA-5178-4463-A0BA-BF519D36F2EE}.Debug|Any CPU.ActiveCfg = Debug|Any CPU
		{B9AA1CCA-5178-4463-A0BA-BF519D36F2EE}.Debug|Any CPU.Build.0 = Debug|Any CPU
		{B9AA1CCA-5178-4463-A0BA-BF519D36F2EE}.Release|Any CPU.ActiveCfg = Release|Any CPU
		{B9AA1CCA-5178-4463-A0BA-BF519D36F2EE}.Release|Any CPU.Build.0 = Release|Any CPU
	EndGlobalSection
EndGlobal
